github.com/skosovsky/guardy v0.12.0 h1:CjLFbWS6VN46GJQVKb5ZLDwzg2CJ9ruEaIMT2TFoomY=
github.com/skosovsky/guardy v0.12.0/go.mod h1:0GsoX+tIgV4db13nGQmp1n4EQRHM2RCJcr/c0UQcn0w=
golang.org/x/sync v0.23.0 h1:KameEIfc1IkluZyXWLn39Wd4tURc6GbCiISGiZm2bQk=
golang.org/x/sync v0.23.0/go.mod h1:sUUOizhqBxiL6pEWpqNLUiaJn1ShEbZ6BBqskPbjZm0=
